
Microsoft Visual Studio Solution File, Format Version 12.00
# Visual Studio Version 17
VisualStudioVersion = 17.1.32328.378
MinimumVisualStudioVersion = 10.0.40219.1
Project("{FAE04EC0-301F-11D3-BF4B-00C04F79EFBC}") = "WebApplication", "WebApplication\WebApplication.csproj", "{72BF9846-FBA1-42DD-B6F4-16FF8A1D7756}"
EndProject
Project("{FAE04EC0-301F-11D3-BF4B-00C04F79EFBC}") = "rwaLib", "rwaLib\rwaLib.csproj", "{20F770E8-5F60-40F7-8A4A-CFCC09942F0E}"
EndProject
Project("{FAE04EC0-301F-11D3-BF4B-00C04F79EFBC}") = "MVC", "MVC\MVC.csproj", "{7334748F-3EFA-41D5-9158-42E09E9EA297}"
EndProject
Global
	GlobalSection(SolutionConfigurationPlatforms) = preSolution
		Debug|Any CPU = Debug|Any CPU
		Release|Any CPU = Release|Any CPU
	EndGlobalSection
	GlobalSection(ProjectConfigurationPlatforms) = postSolution
		{72BF9846-FBA1-42DD-B6F4-16FF8A1D7756}.Debug|Any CPU.ActiveCfg = Debug|Any CPU
		{72BF9846-FBA1-42DD-B6F4-16FF8A1D7756}.Debug|Any CPU.Build.0 = Debug|Any CPU
		{72BF9846-FBA1-42DD-B6F4-16FF8A1D7756}.Release|Any CPU.ActiveCfg = Release|Any CPU
		{72BF9846-FBA1-42DD-B6F4-16FF8A1D7756}.Release|Any CPU.Build.0 = Release|Any CPU
		{20F770E8-5F60-40F7-8A4A-CFCC09942F0E}.Debug|Any CPU.ActiveCfg = Debug|Any CPU
		{20F770E8-5F60-40F7-8A4A-CFCC09942F0E}.Debug|Any CPU.Build.0 = Debug|Any CPU
		{20F770E8-5F60-40F7-8A4A-CFCC09942F0E}.Release|Any CPU.ActiveCfg = Release|Any CPU
		{20F770E8-5F60-40F7-8A4A-CFCC09942F0E}.Release|Any CPU.Build.0 = Release|Any CPU
		{7334748F-3EFA-41D5-9158-42E09E9EA297}.Debug|Any CPU.ActiveCfg = Debug|Any CPU
		{7334748F-3EFA-41D5-9158-42E09E9EA297}.Debug|Any CPU.Build.0 = Debug|Any CPU
		{7334748F-3EFA-41D5-9158-42E09E9EA297}.Release|Any CPU.ActiveCfg = Release|Any CPU
		{7334748F-3EFA-41D5-9158-42E09E9EA297}.Release|Any CPU.Build.0 = Release|Any CPU
	EndGlobalSection
	GlobalSection(SolutionProperties) = preSolution
		HideSolutionNode = FALSE
	EndGlobalSection
	GlobalSection(ExtensibilityGlobals) = postSolution
		SolutionGuid = {099ACB06-52D7-4A3A-9D39-5D3CD97C5D08}
	EndGlobalSection
EndGlobal
